
Microsoft Visual Studio Solution File, Format Version 12.00
# Visual Studio Version 16
VisualStudioVersion = 16.0.31205.134
MinimumVisualStudioVersion = 10.0.40219.1
Project("{8BC9CEB8-8B4A-11D0-8D11-00A0C91BC942}") = "BaiTapTren Lop", "BaiTapTren Lop\BaiTapTren Lop.vcxproj", "{C8594106-CAC4-4074-A945-1EC286A23077}"
EndProject
Global
	GlobalSection(SolutionConfigurationPlatforms) = preSolution
		Debug|x64 = Debug|x64
		Debug|x86 = Debug|x86
		Release|x64 = Release|x64
		Release|x86 = Release|x86
	EndGlobalSection
	GlobalSection(ProjectConfigurationPlatforms) = postSolution
		{C8594106-CAC4-4074-A945-1EC286A23077}.Debug|x64.ActiveCfg = Debug|x64
		{C8594106-CAC4-4074-A945-1EC286A23077}.Debug|x64.Build.0 = Debug|x64
		{C8594106-CAC4-4074-A945-1EC286A23077}.Debug|x86.ActiveCfg = Debug|Win32
		{C8594106-CAC4-4074-A945-1EC286A23077}.Debug|x86.Build.0 = Debug|Win32
		{C8594106-CAC4-4074-A945-1EC286A23077}.Release|x64.ActiveCfg = Release|x64
		{C8594106-CAC4-4074-A945-1EC286A23077}.Release|x64.Build.0 = Release|x64
		{C8594106-CAC4-4074-A945-1EC286A23077}.Release|x86.ActiveCfg = Release|Win32
		{C8594106-CAC4-4074-A945-1EC286A23077}.Release|x86.Build.0 = Release|Win32
	EndGlobalSection
	GlobalSection(SolutionProperties) = preSolution
		HideSolutionNode = FALSE
	EndGlobalSection
	GlobalSection(ExtensibilityGlobals) = postSolution
		SolutionGuid = {313A9E9B-B423-49B3-86AA-11214223AC00}
	EndGlobalSection
EndGlobal
