
Microsoft Visual Studio Solution File, Format Version 12.00
# Visual Studio Version 16
VisualStudioVersion = 16.0.31205.134
MinimumVisualStudioVersion = 10.0.40219.1
Project("{8BC9CEB8-8B4A-11D0-8D11-00A0C91BC942}") = "Cau1", "Cau1\Cau1.vcxproj", "{76201CFA-DBC6-4E9E-91A5-332B4849256F}"
EndProject
Global
	GlobalSection(SolutionConfigurationPlatforms) = preSolution
		Debug|x64 = Debug|x64
		Debug|x86 = Debug|x86
		Release|x64 = Release|x64
		Release|x86 = Release|x86
	EndGlobalSection
	GlobalSection(ProjectConfigurationPlatforms) = postSolution
		{76201CFA-DBC6-4E9E-91A5-332B4849256F}.Debug|x64.ActiveCfg = Debug|x64
		{76201CFA-DBC6-4E9E-91A5-332B4849256F}.Debug|x64.Build.0 = Debug|x64
		{76201CFA-DBC6-4E9E-91A5-332B4849256F}.Debug|x86.ActiveCfg = Debug|Win32
		{76201CFA-DBC6-4E9E-91A5-332B4849256F}.Debug|x86.Build.0 = Debug|Win32
		{76201CFA-DBC6-4E9E-91A5-332B4849256F}.Release|x64.ActiveCfg = Release|x64
		{76201CFA-DBC6-4E9E-91A5-332B4849256F}.Release|x64.Build.0 = Release|x64
		{76201CFA-DBC6-4E9E-91A5-332B4849256F}.Release|x86.ActiveCfg = Release|Win32
		{76201CFA-DBC6-4E9E-91A5-332B4849256F}.Release|x86.Build.0 = Release|Win32
	EndGlobalSection
	GlobalSection(SolutionProperties) = preSolution
		HideSolutionNode = FALSE
	EndGlobalSection
	GlobalSection(ExtensibilityGlobals) = postSolution
		SolutionGuid = {7F911C52-FA28-4BBB-9AF3-61DDBAF6D3F5}
	EndGlobalSection
EndGlobal
